// !$*UTF8*$!
{
	archiveVersion = 1;
	classes = {
	};
	objectVersion = 46;
	objects = {

/* Begin PBXBuildFile section */
		909962CC1EA55B7C007BBBA6 /* main.m in Sources */ = {isa = PBXBuildFile; fileRef = 909962CB1EA55B7C007BBBA6 /* main.m */; };
		909962D41EA561A4007BBBA6 /* CSVFile.m in Sources */ = {isa = PBXBuildFile; fileRef = 909962D31EA561A4007BBBA6 /* CSVFile.m */; };
/* End PBXBuildFile section */

/* Begin PBXCopyFilesBuildPhase section */
		909962C61EA55B7C007BBBA6 /* CopyFiles */ = {
			isa = PBXCopyFilesBuildPhase;
			buildActionMask = 2147483647;
			dstPath = /usr/share/man/man1/;
			dstSubfolderSpec = 0;
			files = (
			);
			runOnlyForDeploymentPostprocessing = 1;
		};
/* End PBXCopyFilesBuildPhase section */

/* Begin PBXFileReference section */
		909962C81EA55B7C007BBBA6 /* CSVFileSum */ = {isa = PBXFileReference; explicitFileType = "compiled.mach-o.executable"; includeInIndex = 0; path = CSVFileSum; sourceTree = BUILT_PRODUCTS_DIR; };
		909962CB1EA55B7C007BBBA6 /* main.m */ = {isa = PBXFileReference; lastKnownFileType = sourcecode.c.objc; path = main.m; sourceTree = "<group>"; };
		909962D21EA561A4007BBBA6 /* CSVFile.h */ = {isa = PBXFileReference; fileEncoding = 4; lastKnownFileType = sourcecode.c.h; path = CSVFile.h; sourceTree = "<group>"; };
		909962D31EA561A4007BBBA6 /* CSVFile.m */ = {isa = PBXFileReference; fileEncoding = 4; lastKnownFileType = sourcecode.c.objc; path = CSVFile.m; sourceTree = "<group>"; };
/* End PBXFileReference section */

/* Begin PBXFrameworksBuildPhase section */
		909962C51EA55B7C007BBBA6 /* Frameworks */ = {
			isa = PBXFrameworksBuildPhase;
			buildActionMask = 2147483647;
			files = (
			);
			runOnlyForDeploymentPostprocessing = 0;
		};
/* End PBXFrameworksBuildPhase section */

/* Begin PBXGroup section */
		909962BF1EA55B7C007BBBA6 = {
			isa = PBXGroup;
			children = (
				909962CA1EA55B7C007BBBA6 /* CSVFileSum */,
				909962C91EA55B7C007BBBA6 /* Products */,
			);
			sourceTree = "<group>";
		};
		909962C91EA55B7C007BBBA6 /* Products */ = {
			isa = PBXGroup;
			children = (
				909962C81EA55B7C007BBBA6 /* CSVFileSum */,
			);
			name = Products;
			sourceTree = "<group>";
		};
		909962CA1EA55B7C007BBBA6 /* CSVFileSum */ = {
			isa = PBXGroup;
			children = (
				909962CB1EA55B7C007BBBA6 /* main.m */,
				909962D21EA561A4007BBBA6 /* CSVFile.h */,
				909962D31EA561A4007BBBA6 /* CSVFile.m */,
			);
			path = CSVFileSum;
			sourceTree = "<group>";
		};
/* End PBXGroup section */

/* Begin PBXNativeTarget section */
		909962C71EA55B7C007BBBA6 /* CSVFileSum */ = {
			isa = PBXNativeTarget;
			buildConfigurationList = 909962CF1EA55B7C007BBBA6 /* Build configuration list for PBXNativeTarget "CSVFileSum" */;
			buildPhases = (
				909962C41EA55B7C007BBBA6 /* Sources */,
				909962C51EA55B7C007BBBA6 /* Frameworks */,
				909962C61EA55B7C007BBBA6 /* CopyFiles */,
			);
			buildRules = (
			);
			dependencies = (
			);
			name = CSVFileSum;
			productName = CSVFileSum;
			productReference = 909962C81EA55B7C007BBBA6 /* CSVFileSum */;
			productType = "com.apple.product-type.tool";
		};
/* End PBXNativeTarget section */

/* Begin PBXProject section */
		909962C01EA55B7C007BBBA6 /* Project object */ = {
			isa = PBXProject;
			attributes = {
				LastUpgradeCheck = 0830;
				ORGANIZATIONNAME = "Morgan Davison";
				TargetAttributes = {
					909962C71EA55B7C007BBBA6 = {
						CreatedOnToolsVersion = 8.3;
						DevelopmentTeam = 2TEP68NZCD;
						ProvisioningStyle = Automatic;
					};
				};
			};
			buildConfigurationList = 909962C31EA55B7C007BBBA6 /* Build configuration list for PBXProject "CSVFileSum" */;
			compatibilityVersion = "Xcode 3.2";
			developmentRegion = English;
			hasScannedForEncodings = 0;
			knownRegions = (
				en,
			);
			mainGroup = 909962BF1EA55B7C007BBBA6;
			productRefGroup = 909962C91EA55B7C007BBBA6 /* Products */;
			projectDirPath = "";
			projectRoot = "";
			targets = (
				909962C71EA55B7C007BBBA6 /* CSVFileSum */,
			);
		};
/* End PBXProject section */

/* Begin PBXSourcesBuildPhase section */
		909962C41EA55B7C007BBBA6 /* Sources */ = {
			isa = PBXSourcesBuildPhase;
			buildActionMask = 2147483647;
			files = (
				909962D41EA561A4007BBBA6 /* CSVFile.m in Sources */,
				909962CC1EA55B7C007BBBA6 /* main.m in Sources */,
			);
			runOnlyForDeploymentPostprocessing = 0;
		};
/* End PBXSourcesBuildPhase section */

/* Begin XCBuildConfiguration section */
		909962CD1EA55B7C007BBBA6 /* Debug */ = {
			isa = XCBuildConfiguration;
			buildSettings = {
				ALWAYS_SEARCH_USER_PATHS = NO;
				CLANG_ANALYZER_NONNULL = YES;
				CLANG_ANALYZER_NUMBER_OBJECT_CONVERSION = YES_AGGRESSIVE;
				CLANG_CXX_LANGUAGE_STANDARD = "gnu++0x";
				CLANG_CXX_LIBRARY = "libc++";
				CLANG_ENABLE_MODULES = YES;
				CLANG_ENABLE_OBJC_ARC = YES;
				CLANG_WARN_BOOL_CONVERSION = YES;
				CLANG_WARN_CONSTANT_CONVERSION = YES;
				CLANG_WARN_DIRECT_OBJC_ISA_USAGE = YES_ERROR;
				CLANG_WARN_DOCUMENTATION_COMMENTS = YES;
				CLANG_WARN_EMPTY_BODY = YES;
				CLANG_WARN_ENUM_CONVERSION = YES;
				CLANG_WARN_INFINITE_RECURSION = YES;
				CLANG_WARN_INT_CONVERSION = YES;
				CLANG_WARN_OBJC_ROOT_CLASS = YES_ERROR;
				CLANG_WARN_SUSPICIOUS_MOVE = YES;
				CLANG_WARN_UNREACHABLE_CODE = YES;
				CLANG_WARN__DUPLICATE_METHOD_MATCH = YES;
				CODE_SIGN_IDENTITY = "-";
				COPY_PHASE_STRIP = NO;
				DEBUG_INFORMATION_FORMAT = dwarf;
				ENABLE_STRICT_OBJC_MSGSEND = YES;
				ENABLE_TESTABILITY = YES;
				GCC_C_LANGUAGE_STANDARD = gnu99;
				GCC_DYNAMIC_NO_PIC = NO;
				GCC_NO_COMMON_BLOCKS = YES;
				GCC_OPTIMIZATION_LEVEL = 0;
				GCC_PREPROCESSOR_DEFINITIONS = (
					"DEBUG=1",
					"$(inherited)",
				);
				GCC_WARN_64_TO_32_BIT_CONVERSION = YES;
				GCC_WARN_ABOUT_RETURN_TYPE = YES_ERROR;
				GCC_WARN_UNDECLARED_SELECTOR = YES;
				GCC_WARN_UNINITIALIZED_AUTOS = YES_AGGRESSIVE;
				GCC_WARN_UNUSED_FUNCTION = YES;
				GCC_WARN_UNUSED_VARIABLE = YES;
				MACOSX_DEPLOYMENT_TARGET = 10.12;
				MTL_ENABLE_DEBUG_INFO = YES;
				ONLY_ACTIVE_ARCH = YES;
				SDKROOT = macosx;
			};
			name = Debug;
		};
		909962CE1EA55B7C007BBBA6 /* Release */ = {
			isa = XCBuildConfiguration;
			buildSettings = {
				ALWAYS_SEARCH_USER_PATHS = NO;
				CLANG_ANALYZER_NONNULL = YES;
				CLANG_ANALYZER_NUMBER_OBJECT_CONVERSION = YES_AGGRESSIVE;
				CLANG_CXX_LANGUAGE_STANDARD = "gnu++0x";
				CLANG_CXX_LIBRARY = "libc++";
				CLANG_ENABLE_MODULES = YES;
				CLANG_ENABLE_OBJC_ARC = YES;
				CLANG_WARN_BOOL_CONVERSION = YES;
				CLANG_WARN_CONSTANT_CONVERSION = YES;
				CLANG_WARN_DIRECT_OBJC_ISA_USAGE = YES_ERROR;
				CLANG_WARN_DOCUMENTATION_COMMENTS = YES;
				CLANG_WARN_EMPTY_BODY = YES;
				CLANG_WARN_ENUM_CONVERSION = YES;
				CLANG_WARN_INFINITE_RECURSION = YES;
				CLANG_WARN_INT_CONVERSION = YES;
				CLANG_WARN_OBJC_ROOT_CLASS = YES_ERROR;
				CLANG_WARN_SUSPICIOUS_MOVE = YES;
				CLANG_WARN_UNREACHABLE_CODE = YES;
				CLANG_WARN__DUPLICATE_METHOD_MATCH = YES;
				CODE_SIGN_IDENTITY = "-";
				COPY_PHASE_STRIP = NO;
				DEBUG_INFORMATION_FORMAT = "dwarf-with-dsym";
				ENABLE_NS_ASSERTIONS = NO;
				ENABLE_STRICT_OBJC_MSGSEND = YES;
				GCC_C_LANGUAGE_STANDARD = gnu99;
				GCC_NO_COMMON_BLOCKS = YES;
				GCC_WARN_64_TO_32_BIT_CONVERSION = YES;
				GCC_WARN_ABOUT_RETURN_TYPE = YES_ERROR;
				GCC_WARN_UNDECLARED_SELECTOR = YES;
				GCC_WARN_UNINITIALIZED_AUTOS = YES_AGGRESSIVE;
				GCC_WARN_UNUSED_FUNCTION = YES;
				GCC_WARN_UNUSED_VARIABLE = YES;
				MACOSX_DEPLOYMENT_TARGET = 10.12;
				MTL_ENABLE_DEBUG_INFO = NO;
				SDKROOT = macosx;
			};
			name = Release;
		};
		909962D01EA55B7C007BBBA6 /* Debug */ = {
			isa = XCBuildConfiguration;
			buildSettings = {
				DEVELOPMENT_TEAM = 2TEP68NZCD;
				PRODUCT_NAME = "$(TARGET_NAME)";
			};
			name = Debug;
		};
		909962D11EA55B7C007BBBA6 /* Release */ = {
			isa = XCBuildConfiguration;
			buildSettings = {
				DEVELOPMENT_TEAM = 2TEP68NZCD;
				PRODUCT_NAME = "$(TARGET_NAME)";
			};
			name = Release;
		};
/* End XCBuildConfiguration section */

/* Begin XCConfigurationList section */
		909962C31EA55B7C007BBBA6 /* Build configuration list for PBXProject "CSVFileSum" */ = {
			isa = XCConfigurationList;
			buildConfigurations = (
				909962CD1EA55B7C007BBBA6 /* Debug */,
				909962CE1EA55B7C007BBBA6 /* Release */,
			);
			defaultConfigurationIsVisible = 0;
			defaultConfigurationName = Release;
		};
		909962CF1EA55B7C007BBBA6 /* Build configuration list for PBXNativeTarget "CSVFileSum" */ = {
			isa = XCConfigurationList;
			buildConfigurations = (
				909962D01EA55B7C007BBBA6 /* Debug */,
				909962D11EA55B7C007BBBA6 /* Release */,
			);
			defaultConfigurationIsVisible = 0;
		};
/* End XCConfigurationList section */
	};
	rootObject = 909962C01EA55B7C007BBBA6 /* Project object */;
}
